
Microsoft Visual Studio Solution File, Format Version 12.00
# Visual Studio Version 17
VisualStudioVersion = 17.11.35208.52
MinimumVisualStudioVersion = 10.0.40219.1
Project("{FAE04EC0-301F-11D3-BF4B-00C04F79EFBC}") = "Web - Morangolandia", "Web - Morangolandia\Web - Morangolandia.csproj", "{F69E620E-1982-45ED-9E21-7F16AB87AE97}"
EndProject
Global
	GlobalSection(SolutionConfigurationPlatforms) = preSolution
		Debug|Any CPU = Debug|Any CPU
		Release|Any CPU = Release|Any CPU
	EndGlobalSection
	GlobalSection(ProjectConfigurationPlatforms) = postSolution
		{F69E620E-1982-45ED-9E21-7F16AB87AE97}.Debug|Any CPU.ActiveCfg = Debug|Any CPU
		{F69E620E-1982-45ED-9E21-7F16AB87AE97}.Debug|Any CPU.Build.0 = Debug|Any CPU
		{F69E620E-1982-45ED-9E21-7F16AB87AE97}.Release|Any CPU.ActiveCfg = Release|Any CPU
		{F69E620E-1982-45ED-9E21-7F16AB87AE97}.Release|Any CPU.Build.0 = Release|Any CPU
	EndGlobalSection
	GlobalSection(SolutionProperties) = preSolution
		HideSolutionNode = FALSE
	EndGlobalSection
	GlobalSection(ExtensibilityGlobals) = postSolution
		SolutionGuid = {F4E19DF6-868F-4D89-B415-3A2E285D888A}
	EndGlobalSection
EndGlobal
